
Microsoft Visual Studio Solution File, Format Version 12.00
# Visual Studio Version 16
VisualStudioVersion = 16.0.30804.86
MinimumVisualStudioVersion = 10.0.40219.1
Project("{FAE04EC0-301F-11D3-BF4B-00C04F79EFBC}") = "Uri 1013", "Uri 1013\Uri 1013.csproj", "{DF356802-BD22-4B8C-898A-D7D072F54F45}"
EndProject
Global
	GlobalSection(SolutionConfigurationPlatforms) = preSolution
		Debug|Any CPU = Debug|Any CPU
		Release|Any CPU = Release|Any CPU
	EndGlobalSection
	GlobalSection(ProjectConfigurationPlatforms) = postSolution
		{DF356802-BD22-4B8C-898A-D7D072F54F45}.Debug|Any CPU.ActiveCfg = Debug|Any CPU
		{DF356802-BD22-4B8C-898A-D7D072F54F45}.Debug|Any CPU.Build.0 = Debug|Any CPU
		{DF356802-BD22-4B8C-898A-D7D072F54F45}.Release|Any CPU.ActiveCfg = Release|Any CPU
		{DF356802-BD22-4B8C-898A-D7D072F54F45}.Release|Any CPU.Build.0 = Release|Any CPU
	EndGlobalSection
	GlobalSection(SolutionProperties) = preSolution
		HideSolutionNode = FALSE
	EndGlobalSection
	GlobalSection(ExtensibilityGlobals) = postSolution
		SolutionGuid = {5AF9E12E-62B7-456C-A3C8-C01FFB815436}
	EndGlobalSection
EndGlobal
